
Microsoft Visual Studio Solution File, Format Version 12.00
# Visual Studio Version 17
VisualStudioVersion = 17.9.34728.123
MinimumVisualStudioVersion = 10.0.40219.1
Project("{FAE04EC0-301F-11D3-BF4B-00C04F79EFBC}") = "ExcelSplit", "ExcelSplit.csproj", "{F1929017-B1AF-4714-802E-C9B9A8BA006A}"
EndProject
Global
	GlobalSection(SolutionConfigurationPlatforms) = preSolution
		Debug|Any CPU = Debug|Any CPU
		Release|Any CPU = Release|Any CPU
	EndGlobalSection
	GlobalSection(ProjectConfigurationPlatforms) = postSolution
		{F1929017-B1AF-4714-802E-C9B9A8BA006A}.Debug|Any CPU.ActiveCfg = Debug|Any CPU
		{F1929017-B1AF-4714-802E-C9B9A8BA006A}.Debug|Any CPU.Build.0 = Debug|Any CPU
		{F1929017-B1AF-4714-802E-C9B9A8BA006A}.Release|Any CPU.ActiveCfg = Release|Any CPU
		{F1929017-B1AF-4714-802E-C9B9A8BA006A}.Release|Any CPU.Build.0 = Release|Any CPU
	EndGlobalSection
	GlobalSection(SolutionProperties) = preSolution
		HideSolutionNode = FALSE
	EndGlobalSection
	GlobalSection(ExtensibilityGlobals) = postSolution
		SolutionGuid = {FC4B40FF-A979-4586-8A3F-E51122C8B8F1}
	EndGlobalSection
EndGlobal
